// !$*UTF8*$!
{
	archiveVersion = 1;
	classes = {
	};
	objectVersion = 56;
	objects = {

/* Begin PBXBuildFile section */
		3A3ADAB42B9E870800E1F40D /* ColorListViewModelTests.swift in Sources */ = {isa = PBXBuildFile; fileRef = 3A3ADAB32B9E870800E1F40D /* ColorListViewModelTests.swift */; };
		3A48D5A32B9CCAB800F1901B /* CameraPreview.swift in Sources */ = {isa = PBXBuildFile; fileRef = 3A48D5A22B9CCAB800F1901B /* CameraPreview.swift */; };
		3A48D5A52B9CCAED00F1901B /* CameraManager.swift in Sources */ = {isa = PBXBuildFile; fileRef = 3A48D5A42B9CCAED00F1901B /* CameraManager.swift */; };
		3A48D5A72B9CCBCF00F1901B /* CameraViewModel.swift in Sources */ = {isa = PBXBuildFile; fileRef = 3A48D5A62B9CCBCF00F1901B /* CameraViewModel.swift */; };
		3A48D5A92B9CCC0F00F1901B /* CameraScreenView.swift in Sources */ = {isa = PBXBuildFile; fileRef = 3A48D5A82B9CCC0F00F1901B /* CameraScreenView.swift */; };
		3A48D5AC2B9CDD3300F1901B /* IconButton.swift in Sources */ = {isa = PBXBuildFile; fileRef = 3A48D5AB2B9CDD3300F1901B /* IconButton.swift */; };
		3A48D5AE2B9CDDFB00F1901B /* VisualEffectView.swift in Sources */ = {isa = PBXBuildFile; fileRef = 3A48D5AD2B9CDDFB00F1901B /* VisualEffectView.swift */; };
		3A894AA52B9B89C700793209 /* ColorSpotterApp.swift in Sources */ = {isa = PBXBuildFile; fileRef = 3A894AA42B9B89C700793209 /* ColorSpotterApp.swift */; };
		3A894AA72B9B89C700793209 /* ContentView.swift in Sources */ = {isa = PBXBuildFile; fileRef = 3A894AA62B9B89C700793209 /* ContentView.swift */; };
		3A894AA92B9B89C900793209 /* Assets.xcassets in Resources */ = {isa = PBXBuildFile; fileRef = 3A894AA82B9B89C900793209 /* Assets.xcassets */; };
		3A894AAC2B9B89C900793209 /* Preview Assets.xcassets in Resources */ = {isa = PBXBuildFile; fileRef = 3A894AAB2B9B89C900793209 /* Preview Assets.xcassets */; };
		3A894AC02B9B89C900793209 /* ColorSpotterUITests.swift in Sources */ = {isa = PBXBuildFile; fileRef = 3A894ABF2B9B89C900793209 /* ColorSpotterUITests.swift */; };
		3A894AC22B9B89C900793209 /* ColorSpotterUITestsLaunchTests.swift in Sources */ = {isa = PBXBuildFile; fileRef = 3A894AC12B9B89C900793209 /* ColorSpotterUITestsLaunchTests.swift */; };
		3A894AD92B9CA6BE00793209 /* Notifications+Extension.swift in Sources */ = {isa = PBXBuildFile; fileRef = 3A894AD82B9CA6BE00793209 /* Notifications+Extension.swift */; };
		3A894ADB2B9CA9B900793209 /* UIColor+Extension.swift in Sources */ = {isa = PBXBuildFile; fileRef = 3A894ADA2B9CA9B900793209 /* UIColor+Extension.swift */; };
		3ACE25F82B9DBC3F0047DF2F /* UIImage+Extension.swift in Sources */ = {isa = PBXBuildFile; fileRef = 3ACE25F72B9DBC3F0047DF2F /* UIImage+Extension.swift */; };
		3ACE25FD2B9DC9620047DF2F /* ApiService.swift in Sources */ = {isa = PBXBuildFile; fileRef = 3ACE25FC2B9DC9620047DF2F /* ApiService.swift */; };
		3ACE26032B9DCC7F0047DF2F /* ColorData.swift in Sources */ = {isa = PBXBuildFile; fileRef = 3ACE26022B9DCC7F0047DF2F /* ColorData.swift */; };
		3ACE26052B9DD5020047DF2F /* CameraViewModelTests.swift in Sources */ = {isa = PBXBuildFile; fileRef = 3ACE26042B9DD5010047DF2F /* CameraViewModelTests.swift */; };
		3ACE26082B9DF1590047DF2F /* ColorListViewModel.swift in Sources */ = {isa = PBXBuildFile; fileRef = 3ACE26072B9DF1590047DF2F /* ColorListViewModel.swift */; };
		3ACE260A2B9DF1EB0047DF2F /* ColorListView.swift in Sources */ = {isa = PBXBuildFile; fileRef = 3ACE26092B9DF1EB0047DF2F /* ColorListView.swift */; };
		3ACE260C2B9DF4720047DF2F /* Color+Extension.swift in Sources */ = {isa = PBXBuildFile; fileRef = 3ACE260B2B9DF4720047DF2F /* Color+Extension.swift */; };
		3ACE260E2B9DFA8E0047DF2F /* ItemManager.swift in Sources */ = {isa = PBXBuildFile; fileRef = 3ACE260D2B9DFA8E0047DF2F /* ItemManager.swift */; };
		3ACE26102B9DFE600047DF2F /* AlertErrror.swift in Sources */ = {isa = PBXBuildFile; fileRef = 3ACE260F2B9DFE600047DF2F /* AlertErrror.swift */; };
		3AD592812B9E3CC5003499E6 /* Mocks.swift in Sources */ = {isa = PBXBuildFile; fileRef = 3AD592802B9E3CC5003499E6 /* Mocks.swift */; };
/* End PBXBuildFile section */

/* Begin PBXContainerItemProxy section */
		3A894AB22B9B89C900793209 /* PBXContainerItemProxy */ = {
			isa = PBXContainerItemProxy;
			containerPortal = 3A894A992B9B89C700793209 /* Project object */;
			proxyType = 1;
			remoteGlobalIDString = 3A894AA02B9B89C700793209;
			remoteInfo = ColorSpotter;
		};
		3A894ABC2B9B89C900793209 /* PBXContainerItemProxy */ = {
			isa = PBXContainerItemProxy;
			containerPortal = 3A894A992B9B89C700793209 /* Project object */;
			proxyType = 1;
			remoteGlobalIDString = 3A894AA02B9B89C700793209;
			remoteInfo = ColorSpotter;
		};
/* End PBXContainerItemProxy section */

/* Begin PBXFileReference section */
		3A087A742B9E0A81007B7371 /* Info.plist */ = {isa = PBXFileReference; lastKnownFileType = text.plist; path = Info.plist; sourceTree = "<group>"; };
		3A3ADAB32B9E870800E1F40D /* ColorListViewModelTests.swift */ = {isa = PBXFileReference; lastKnownFileType = sourcecode.swift; path = ColorListViewModelTests.swift; sourceTree = "<group>"; };
		3A48D5A22B9CCAB800F1901B /* CameraPreview.swift */ = {isa = PBXFileReference; lastKnownFileType = sourcecode.swift; path = CameraPreview.swift; sourceTree = "<group>"; };
		3A48D5A42B9CCAED00F1901B /* CameraManager.swift */ = {isa = PBXFileReference; lastKnownFileType = sourcecode.swift; path = CameraManager.swift; sourceTree = "<group>"; };
		3A48D5A62B9CCBCF00F1901B /* CameraViewModel.swift */ = {isa = PBXFileReference; lastKnownFileType = sourcecode.swift; path = CameraViewModel.swift; sourceTree = "<group>"; };
		3A48D5A82B9CCC0F00F1901B /* CameraScreenView.swift */ = {isa = PBXFileReference; lastKnownFileType = sourcecode.swift; path = CameraScreenView.swift; sourceTree = "<group>"; };
		3A48D5AB2B9CDD3300F1901B /* IconButton.swift */ = {isa = PBXFileReference; lastKnownFileType = sourcecode.swift; path = IconButton.swift; sourceTree = "<group>"; };
		3A48D5AD2B9CDDFB00F1901B /* VisualEffectView.swift */ = {isa = PBXFileReference; lastKnownFileType = sourcecode.swift; path = VisualEffectView.swift; sourceTree = "<group>"; };
		3A894AA12B9B89C700793209 /* ColorSpotter.app */ = {isa = PBXFileReference; explicitFileType = wrapper.application; includeInIndex = 0; path = ColorSpotter.app; sourceTree = BUILT_PRODUCTS_DIR; };
		3A894AA42B9B89C700793209 /* ColorSpotterApp.swift */ = {isa = PBXFileReference; lastKnownFileType = sourcecode.swift; path = ColorSpotterApp.swift; sourceTree = "<group>"; };
		3A894AA62B9B89C700793209 /* ContentView.swift */ = {isa = PBXFileReference; lastKnownFileType = sourcecode.swift; path = ContentView.swift; sourceTree = "<group>"; };
		3A894AA82B9B89C900793209 /* Assets.xcassets */ = {isa = PBXFileReference; lastKnownFileType = folder.assetcatalog; path = Assets.xcassets; sourceTree = "<group>"; };
		3A894AAB2B9B89C900793209 /* Preview Assets.xcassets */ = {isa = PBXFileReference; lastKnownFileType = folder.assetcatalog; path = "Preview Assets.xcassets"; sourceTree = "<group>"; };
		3A894AB12B9B89C900793209 /* ColorSpotterTests.xctest */ = {isa = PBXFileReference; explicitFileType = wrapper.cfbundle; includeInIndex = 0; path = ColorSpotterTests.xctest; sourceTree = BUILT_PRODUCTS_DIR; };
		3A894ABB2B9B89C900793209 /* ColorSpotterUITests.xctest */ = {isa = PBXFileReference; explicitFileType = wrapper.cfbundle; includeInIndex = 0; path = ColorSpotterUITests.xctest; sourceTree = BUILT_PRODUCTS_DIR; };
		3A894ABF2B9B89C900793209 /* ColorSpotterUITests.swift */ = {isa = PBXFileReference; lastKnownFileType = sourcecode.swift; path = ColorSpotterUITests.swift; sourceTree = "<group>"; };
		3A894AC12B9B89C900793209 /* ColorSpotterUITestsLaunchTests.swift */ = {isa = PBXFileReference; lastKnownFileType = sourcecode.swift; path = ColorSpotterUITestsLaunchTests.swift; sourceTree = "<group>"; };
		3A894AD82B9CA6BE00793209 /* Notifications+Extension.swift */ = {isa = PBXFileReference; lastKnownFileType = sourcecode.swift; path = "Notifications+Extension.swift"; sourceTree = "<group>"; };
		3A894ADA2B9CA9B900793209 /* UIColor+Extension.swift */ = {isa = PBXFileReference; lastKnownFileType = sourcecode.swift; path = "UIColor+Extension.swift"; sourceTree = "<group>"; };
		3ACE25F72B9DBC3F0047DF2F /* UIImage+Extension.swift */ = {isa = PBXFileReference; lastKnownFileType = sourcecode.swift; path = "UIImage+Extension.swift"; sourceTree = "<group>"; };
		3ACE25FC2B9DC9620047DF2F /* ApiService.swift */ = {isa = PBXFileReference; lastKnownFileType = sourcecode.swift; path = ApiService.swift; sourceTree = "<group>"; };
		3ACE26022B9DCC7F0047DF2F /* ColorData.swift */ = {isa = PBXFileReference; lastKnownFileType = sourcecode.swift; path = ColorData.swift; sourceTree = "<group>"; };
		3ACE26042B9DD5010047DF2F /* CameraViewModelTests.swift */ = {isa = PBXFileReference; lastKnownFileType = sourcecode.swift; path = CameraViewModelTests.swift; sourceTree = "<group>"; };
		3ACE26072B9DF1590047DF2F /* ColorListViewModel.swift */ = {isa = PBXFileReference; lastKnownFileType = sourcecode.swift; path = ColorListViewModel.swift; sourceTree = "<group>"; };
		3ACE26092B9DF1EB0047DF2F /* ColorListView.swift */ = {isa = PBXFileReference; lastKnownFileType = sourcecode.swift; path = ColorListView.swift; sourceTree = "<group>"; };
		3ACE260B2B9DF4720047DF2F /* Color+Extension.swift */ = {isa = PBXFileReference; lastKnownFileType = sourcecode.swift; path = "Color+Extension.swift"; sourceTree = "<group>"; };
		3ACE260D2B9DFA8E0047DF2F /* ItemManager.swift */ = {isa = PBXFileReference; lastKnownFileType = sourcecode.swift; path = ItemManager.swift; sourceTree = "<group>"; };
		3ACE260F2B9DFE600047DF2F /* AlertErrror.swift */ = {isa = PBXFileReference; lastKnownFileType = sourcecode.swift; path = AlertErrror.swift; sourceTree = "<group>"; };
		3AD592802B9E3CC5003499E6 /* Mocks.swift */ = {isa = PBXFileReference; lastKnownFileType = sourcecode.swift; path = Mocks.swift; sourceTree = "<group>"; };
/* End PBXFileReference section */

/* Begin PBXFrameworksBuildPhase section */
		3A894A9E2B9B89C700793209 /* Frameworks */ = {
			isa = PBXFrameworksBuildPhase;
			buildActionMask = 2147483647;
			files = (
			);
			runOnlyForDeploymentPostprocessing = 0;
		};
		3A894AAE2B9B89C900793209 /* Frameworks */ = {
			isa = PBXFrameworksBuildPhase;
			buildActionMask = 2147483647;
			files = (
			);
			runOnlyForDeploymentPostprocessing = 0;
		};
		3A894AB82B9B89C900793209 /* Frameworks */ = {
			isa = PBXFrameworksBuildPhase;
			buildActionMask = 2147483647;
			files = (
			);
			runOnlyForDeploymentPostprocessing = 0;
		};
/* End PBXFrameworksBuildPhase section */

/* Begin PBXGroup section */
		3A188B592B9F282800904E25 /* Model */ = {
			isa = PBXGroup;
			children = (
				3ACE26022B9DCC7F0047DF2F /* ColorData.swift */,
				3ACE260F2B9DFE600047DF2F /* AlertErrror.swift */,
			);
			path = Model;
			sourceTree = "<group>";
		};
		3A188B5A2B9F284300904E25 /* View */ = {
			isa = PBXGroup;
			children = (
				3A48D5AA2B9CDD2300F1901B /* Common */,
				3ACE26092B9DF1EB0047DF2F /* ColorListView.swift */,
				3A48D5A82B9CCC0F00F1901B /* CameraScreenView.swift */,
			);
			path = View;
			sourceTree = "<group>";
		};
		3A188B5B2B9F28A000904E25 /* ViewModel */ = {
			isa = PBXGroup;
			children = (
				3A48D5A62B9CCBCF00F1901B /* CameraViewModel.swift */,
				3ACE26072B9DF1590047DF2F /* ColorListViewModel.swift */,
			);
			path = ViewModel;
			sourceTree = "<group>";
		};
		3A48D5AA2B9CDD2300F1901B /* Common */ = {
			isa = PBXGroup;
			children = (
				3A48D5A22B9CCAB800F1901B /* CameraPreview.swift */,
				3A48D5AB2B9CDD3300F1901B /* IconButton.swift */,
				3A48D5AD2B9CDDFB00F1901B /* VisualEffectView.swift */,
			);
			path = Common;
			sourceTree = "<group>";
		};
		3A894A982B9B89C700793209 = {
			isa = PBXGroup;
			children = (
				3A894AA32B9B89C700793209 /* ColorSpotter */,
				3A894AB42B9B89C900793209 /* ColorSpotterTests */,
				3A894ABE2B9B89C900793209 /* ColorSpotterUITests */,
				3A894AA22B9B89C700793209 /* Products */,
			);
			sourceTree = "<group>";
		};
		3A894AA22B9B89C700793209 /* Products */ = {
			isa = PBXGroup;
			children = (
				3A894AA12B9B89C700793209 /* ColorSpotter.app */,
				3A894AB12B9B89C900793209 /* ColorSpotterTests.xctest */,
				3A894ABB2B9B89C900793209 /* ColorSpotterUITests.xctest */,
			);
			name = Products;
			sourceTree = "<group>";
		};
		3A894AA32B9B89C700793209 /* ColorSpotter */ = {
			isa = PBXGroup;
			children = (
				3ACE25FE2B9DCC230047DF2F /* Service */,
				3A188B5B2B9F28A000904E25 /* ViewModel */,
				3A188B5A2B9F284300904E25 /* View */,
				3A188B592B9F282800904E25 /* Model */,
				3A087A742B9E0A81007B7371 /* Info.plist */,
				3A894AD72B9CA6AB00793209 /* Utils */,
				3A894AA42B9B89C700793209 /* ColorSpotterApp.swift */,
				3A894AA62B9B89C700793209 /* ContentView.swift */,
				3A894AA82B9B89C900793209 /* Assets.xcassets */,
				3A894AAA2B9B89C900793209 /* Preview Content */,
			);
			path = ColorSpotter;
			sourceTree = "<group>";
		};
		3A894AAA2B9B89C900793209 /* Preview Content */ = {
			isa = PBXGroup;
			children = (
				3A894AAB2B9B89C900793209 /* Preview Assets.xcassets */,
			);
			path = "Preview Content";
			sourceTree = "<group>";
		};
		3A894AB42B9B89C900793209 /* ColorSpotterTests */ = {
			isa = PBXGroup;
			children = (
				3AD5927F2B9E3CAF003499E6 /* Mocks */,
				3ACE26042B9DD5010047DF2F /* CameraViewModelTests.swift */,
				3A3ADAB32B9E870800E1F40D /* ColorListViewModelTests.swift */,
			);
			path = ColorSpotterTests;
			sourceTree = "<group>";
		};
		3A894ABE2B9B89C900793209 /* ColorSpotterUITests */ = {
			isa = PBXGroup;
			children = (
				3A894ABF2B9B89C900793209 /* ColorSpotterUITests.swift */,
				3A894AC12B9B89C900793209 /* ColorSpotterUITestsLaunchTests.swift */,
			);
			path = ColorSpotterUITests;
			sourceTree = "<group>";
		};
		3A894AD72B9CA6AB00793209 /* Utils */ = {
			isa = PBXGroup;
			children = (
				3A894AD82B9CA6BE00793209 /* Notifications+Extension.swift */,
				3A894ADA2B9CA9B900793209 /* UIColor+Extension.swift */,
				3ACE25F72B9DBC3F0047DF2F /* UIImage+Extension.swift */,
				3ACE260B2B9DF4720047DF2F /* Color+Extension.swift */,
			);
			path = Utils;
			sourceTree = "<group>";
		};
		3ACE25FE2B9DCC230047DF2F /* Service */ = {
			isa = PBXGroup;
			children = (
				3A48D5A42B9CCAED00F1901B /* CameraManager.swift */,
				3ACE260D2B9DFA8E0047DF2F /* ItemManager.swift */,
				3ACE25FC2B9DC9620047DF2F /* ApiService.swift */,
			);
			path = Service;
			sourceTree = "<group>";
		};
		3AD5927F2B9E3CAF003499E6 /* Mocks */ = {
			isa = PBXGroup;
			children = (
				3AD592802B9E3CC5003499E6 /* Mocks.swift */,
			);
			path = Mocks;
			sourceTree = "<group>";
		};
/* End PBXGroup section */

/* Begin PBXNativeTarget section */
		3A894AA02B9B89C700793209 /* ColorSpotter */ = {
			isa = PBXNativeTarget;
			buildConfigurationList = 3A894AC52B9B89C900793209 /* Build configuration list for PBXNativeTarget "ColorSpotter" */;
			buildPhases = (
				3A894A9D2B9B89C700793209 /* Sources */,
				3A894A9E2B9B89C700793209 /* Frameworks */,
				3A894A9F2B9B89C700793209 /* Resources */,
			);
			buildRules = (
			);
			dependencies = (
			);
			name = ColorSpotter;
			productName = ColorSpotter;
			productReference = 3A894AA12B9B89C700793209 /* ColorSpotter.app */;
			productType = "com.apple.product-type.application";
		};
		3A894AB02B9B89C900793209 /* ColorSpotterTests */ = {
			isa = PBXNativeTarget;
			buildConfigurationList = 3A894AC82B9B89C900793209 /* Build configuration list for PBXNativeTarget "ColorSpotterTests" */;
			buildPhases = (
				3A894AAD2B9B89C900793209 /* Sources */,
				3A894AAE2B9B89C900793209 /* Frameworks */,
				3A894AAF2B9B89C900793209 /* Resources */,
			);
			buildRules = (
			);
			dependencies = (
				3A894AB32B9B89C900793209 /* PBXTargetDependency */,
			);
			name = ColorSpotterTests;
			productName = ColorSpotterTests;
			productReference = 3A894AB12B9B89C900793209 /* ColorSpotterTests.xctest */;
			productType = "com.apple.product-type.bundle.unit-test";
		};
		3A894ABA2B9B89C900793209 /* ColorSpotterUITests */ = {
			isa = PBXNativeTarget;
			buildConfigurationList = 3A894ACB2B9B89C900793209 /* Build configuration list for PBXNativeTarget "ColorSpotterUITests" */;
			buildPhases = (
				3A894AB72B9B89C900793209 /* Sources */,
				3A894AB82B9B89C900793209 /* Frameworks */,
				3A894AB92B9B89C900793209 /* Resources */,
			);
			buildRules = (
			);
			dependencies = (
				3A894ABD2B9B89C900793209 /* PBXTargetDependency */,
			);
			name = ColorSpotterUITests;
			productName = ColorSpotterUITests;
			productReference = 3A894ABB2B9B89C900793209 /* ColorSpotterUITests.xctest */;
			productType = "com.apple.product-type.bundle.ui-testing";
		};
/* End PBXNativeTarget section */

/* Begin PBXProject section */
		3A894A992B9B89C700793209 /* Project object */ = {
			isa = PBXProject;
			attributes = {
				BuildIndependentTargetsInParallel = 1;
				LastSwiftUpdateCheck = 1530;
				LastUpgradeCheck = 1530;
				TargetAttributes = {
					3A894AA02B9B89C700793209 = {
						CreatedOnToolsVersion = 15.3;
					};
					3A894AB02B9B89C900793209 = {
						CreatedOnToolsVersion = 15.3;
						TestTargetID = 3A894AA02B9B89C700793209;
					};
					3A894ABA2B9B89C900793209 = {
						CreatedOnToolsVersion = 15.3;
						TestTargetID = 3A894AA02B9B89C700793209;
					};
				};
			};
			buildConfigurationList = 3A894A9C2B9B89C700793209 /* Build configuration list for PBXProject "ColorSpotter" */;
			compatibilityVersion = "Xcode 14.0";
			developmentRegion = en;
			hasScannedForEncodings = 0;
			knownRegions = (
				en,
				Base,
			);
			mainGroup = 3A894A982B9B89C700793209;
			productRefGroup = 3A894AA22B9B89C700793209 /* Products */;
			projectDirPath = "";
			projectRoot = "";
			targets = (
				3A894AA02B9B89C700793209 /* ColorSpotter */,
				3A894AB02B9B89C900793209 /* ColorSpotterTests */,
				3A894ABA2B9B89C900793209 /* ColorSpotterUITests */,
			);
		};
/* End PBXProject section */

/* Begin PBXResourcesBuildPhase section */
		3A894A9F2B9B89C700793209 /* Resources */ = {
			isa = PBXResourcesBuildPhase;
			buildActionMask = 2147483647;
			files = (
				3A894AAC2B9B89C900793209 /* Preview Assets.xcassets in Resources */,
				3A894AA92B9B89C900793209 /* Assets.xcassets in Resources */,
			);
			runOnlyForDeploymentPostprocessing = 0;
		};
		3A894AAF2B9B89C900793209 /* Resources */ = {
			isa = PBXResourcesBuildPhase;
			buildActionMask = 2147483647;
			files = (
			);
			runOnlyForDeploymentPostprocessing = 0;
		};
		3A894AB92B9B89C900793209 /* Resources */ = {
			isa = PBXResourcesBuildPhase;
			buildActionMask = 2147483647;
			files = (
			);
			runOnlyForDeploymentPostprocessing = 0;
		};
/* End PBXResourcesBuildPhase section */

/* Begin PBXSourcesBuildPhase section */
		3A894A9D2B9B89C700793209 /* Sources */ = {
			isa = PBXSourcesBuildPhase;
			buildActionMask = 2147483647;
			files = (
				3A48D5AC2B9CDD3300F1901B /* IconButton.swift in Sources */,
				3ACE26032B9DCC7F0047DF2F /* ColorData.swift in Sources */,
				3ACE26102B9DFE600047DF2F /* AlertErrror.swift in Sources */,
				3ACE26082B9DF1590047DF2F /* ColorListViewModel.swift in Sources */,
				3A894AA72B9B89C700793209 /* ContentView.swift in Sources */,
				3ACE25FD2B9DC9620047DF2F /* ApiService.swift in Sources */,
				3A48D5A52B9CCAED00F1901B /* CameraManager.swift in Sources */,
				3A48D5A32B9CCAB800F1901B /* CameraPreview.swift in Sources */,
				3ACE260C2B9DF4720047DF2F /* Color+Extension.swift in Sources */,
				3A48D5A72B9CCBCF00F1901B /* CameraViewModel.swift in Sources */,
				3A48D5AE2B9CDDFB00F1901B /* VisualEffectView.swift in Sources */,
				3A894AA52B9B89C700793209 /* ColorSpotterApp.swift in Sources */,
				3A894AD92B9CA6BE00793209 /* Notifications+Extension.swift in Sources */,
				3A48D5A92B9CCC0F00F1901B /* CameraScreenView.swift in Sources */,
				3ACE25F82B9DBC3F0047DF2F /* UIImage+Extension.swift in Sources */,
				3A894ADB2B9CA9B900793209 /* UIColor+Extension.swift in Sources */,
				3ACE260A2B9DF1EB0047DF2F /* ColorListView.swift in Sources */,
				3ACE260E2B9DFA8E0047DF2F /* ItemManager.swift in Sources */,
			);
			runOnlyForDeploymentPostprocessing = 0;
		};
		3A894AAD2B9B89C900793209 /* Sources */ = {
			isa = PBXSourcesBuildPhase;
			buildActionMask = 2147483647;
			files = (
				3A3ADAB42B9E870800E1F40D /* ColorListViewModelTests.swift in Sources */,
				3ACE26052B9DD5020047DF2F /* CameraViewModelTests.swift in Sources */,
				3AD592812B9E3CC5003499E6 /* Mocks.swift in Sources */,
			);
			runOnlyForDeploymentPostprocessing = 0;
		};
		3A894AB72B9B89C900793209 /* Sources */ = {
			isa = PBXSourcesBuildPhase;
			buildActionMask = 2147483647;
			files = (
				3A894AC22B9B89C900793209 /* ColorSpotterUITestsLaunchTests.swift in Sources */,
				3A894AC02B9B89C900793209 /* ColorSpotterUITests.swift in Sources */,
			);
			runOnlyForDeploymentPostprocessing = 0;
		};
/* End PBXSourcesBuildPhase section */

/* Begin PBXTargetDependency section */
		3A894AB32B9B89C900793209 /* PBXTargetDependency */ = {
			isa = PBXTargetDependency;
			target = 3A894AA02B9B89C700793209 /* ColorSpotter */;
			targetProxy = 3A894AB22B9B89C900793209 /* PBXContainerItemProxy */;
		};
		3A894ABD2B9B89C900793209 /* PBXTargetDependency */ = {
			isa = PBXTargetDependency;
			target = 3A894AA02B9B89C700793209 /* ColorSpotter */;
			targetProxy = 3A894ABC2B9B89C900793209 /* PBXContainerItemProxy */;
		};
/* End PBXTargetDependency section */

/* Begin XCBuildConfiguration section */
		3A894AC32B9B89C900793209 /* Debug */ = {
			isa = XCBuildConfiguration;
			buildSettings = {
				ALWAYS_SEARCH_USER_PATHS = NO;
				ASSETCATALOG_COMPILER_GENERATE_SWIFT_ASSET_SYMBOL_EXTENSIONS = YES;
				CLANG_ANALYZER_NONNULL = YES;
				CLANG_ANALYZER_NUMBER_OBJECT_CONVERSION = YES_AGGRESSIVE;
				CLANG_CXX_LANGUAGE_STANDARD = "gnu++20";
				CLANG_ENABLE_MODULES = YES;
				CLANG_ENABLE_OBJC_ARC = YES;
				CLANG_ENABLE_OBJC_WEAK = YES;
				CLANG_WARN_BLOCK_CAPTURE_AUTORELEASING = YES;
				CLANG_WARN_BOOL_CONVERSION = YES;
				CLANG_WARN_COMMA = YES;
				CLANG_WARN_CONSTANT_CONVERSION = YES;
				CLANG_WARN_DEPRECATED_OBJC_IMPLEMENTATIONS = YES;
				CLANG_WARN_DIRECT_OBJC_ISA_USAGE = YES_ERROR;
				CLANG_WARN_DOCUMENTATION_COMMENTS = YES;
				CLANG_WARN_EMPTY_BODY = YES;
				CLANG_WARN_ENUM_CONVERSION = YES;
				CLANG_WARN_INFINITE_RECURSION = YES;
				CLANG_WARN_INT_CONVERSION = YES;
				CLANG_WARN_NON_LITERAL_NULL_CONVERSION = YES;
				CLANG_WARN_OBJC_IMPLICIT_RETAIN_SELF = YES;
				CLANG_WARN_OBJC_LITERAL_CONVERSION = YES;
				CLANG_WARN_OBJC_ROOT_CLASS = YES_ERROR;
				CLANG_WARN_QUOTED_INCLUDE_IN_FRAMEWORK_HEADER = YES;
				CLANG_WARN_RANGE_LOOP_ANALYSIS = YES;
				CLANG_WARN_STRICT_PROTOTYPES = YES;
				CLANG_WARN_SUSPICIOUS_MOVE = YES;
				CLANG_WARN_UNGUARDED_AVAILABILITY = YES_AGGRESSIVE;
				CLANG_WARN_UNREACHABLE_CODE = YES;
				CLANG_WARN__DUPLICATE_METHOD_MATCH = YES;
				COPY_PHASE_STRIP = NO;
				DEBUG_INFORMATION_FORMAT = dwarf;
				ENABLE_STRICT_OBJC_MSGSEND = YES;
				ENABLE_TESTABILITY = YES;
				ENABLE_USER_SCRIPT_SANDBOXING = YES;
				GCC_C_LANGUAGE_STANDARD = gnu17;
				GCC_DYNAMIC_NO_PIC = NO;
				GCC_NO_COMMON_BLOCKS = YES;
				GCC_OPTIMIZATION_LEVEL = 0;
				GCC_PREPROCESSOR_DEFINITIONS = (
					"DEBUG=1",
					"$(inherited)",
				);
				GCC_WARN_64_TO_32_BIT_CONVERSION = YES;
				GCC_WARN_ABOUT_RETURN_TYPE = YES_ERROR;
				GCC_WARN_UNDECLARED_SELECTOR = YES;
				GCC_WARN_UNINITIALIZED_AUTOS = YES_AGGRESSIVE;
				GCC_WARN_UNUSED_FUNCTION = YES;
				GCC_WARN_UNUSED_VARIABLE = YES;
				IPHONEOS_DEPLOYMENT_TARGET = 16.6;
				LOCALIZATION_PREFERS_STRING_CATALOGS = YES;
				MTL_ENABLE_DEBUG_INFO = INCLUDE_SOURCE;
				MTL_FAST_MATH = YES;
				ONLY_ACTIVE_ARCH = YES;
				SDKROOT = iphoneos;
				SWIFT_ACTIVE_COMPILATION_CONDITIONS = "DEBUG $(inherited)";
				SWIFT_OPTIMIZATION_LEVEL = "-Onone";
			};
			name = Debug;
		};
		3A894AC42B9B89C900793209 /* Release */ = {
			isa = XCBuildConfiguration;
			buildSettings = {
				ALWAYS_SEARCH_USER_PATHS = NO;
				ASSETCATALOG_COMPILER_GENERATE_SWIFT_ASSET_SYMBOL_EXTENSIONS = YES;
				CLANG_ANALYZER_NONNULL = YES;
				CLANG_ANALYZER_NUMBER_OBJECT_CONVERSION = YES_AGGRESSIVE;
				CLANG_CXX_LANGUAGE_STANDARD = "gnu++20";
				CLANG_ENABLE_MODULES = YES;
				CLANG_ENABLE_OBJC_ARC = YES;
				CLANG_ENABLE_OBJC_WEAK = YES;
				CLANG_WARN_BLOCK_CAPTURE_AUTORELEASING = YES;
				CLANG_WARN_BOOL_CONVERSION = YES;
				CLANG_WARN_COMMA = YES;
				CLANG_WARN_CONSTANT_CONVERSION = YES;
				CLANG_WARN_DEPRECATED_OBJC_IMPLEMENTATIONS = YES;
				CLANG_WARN_DIRECT_OBJC_ISA_USAGE = YES_ERROR;
				CLANG_WARN_DOCUMENTATION_COMMENTS = YES;
				CLANG_WARN_EMPTY_BODY = YES;
				CLANG_WARN_ENUM_CONVERSION = YES;
				CLANG_WARN_INFINITE_RECURSION = YES;
				CLANG_WARN_INT_CONVERSION = YES;
				CLANG_WARN_NON_LITERAL_NULL_CONVERSION = YES;
				CLANG_WARN_OBJC_IMPLICIT_RETAIN_SELF = YES;
				CLANG_WARN_OBJC_LITERAL_CONVERSION = YES;
				CLANG_WARN_OBJC_ROOT_CLASS = YES_ERROR;
				CLANG_WARN_QUOTED_INCLUDE_IN_FRAMEWORK_HEADER = YES;
				CLANG_WARN_RANGE_LOOP_ANALYSIS = YES;
				CLANG_WARN_STRICT_PROTOTYPES = YES;
				CLANG_WARN_SUSPICIOUS_MOVE = YES;
				CLANG_WARN_UNGUARDED_AVAILABILITY = YES_AGGRESSIVE;
				CLANG_WARN_UNREACHABLE_CODE = YES;
				CLANG_WARN__DUPLICATE_METHOD_MATCH = YES;
				COPY_PHASE_STRIP = NO;
				DEBUG_INFORMATION_FORMAT = "dwarf-with-dsym";
				ENABLE_NS_ASSERTIONS = NO;
				ENABLE_STRICT_OBJC_MSGSEND = YES;
				ENABLE_USER_SCRIPT_SANDBOXING = YES;
				GCC_C_LANGUAGE_STANDARD = gnu17;
				GCC_NO_COMMON_BLOCKS = YES;
				GCC_WARN_64_TO_32_BIT_CONVERSION = YES;
				GCC_WARN_ABOUT_RETURN_TYPE = YES_ERROR;
				GCC_WARN_UNDECLARED_SELECTOR = YES;
				GCC_WARN_UNINITIALIZED_AUTOS = YES_AGGRESSIVE;
				GCC_WARN_UNUSED_FUNCTION = YES;
				GCC_WARN_UNUSED_VARIABLE = YES;
				IPHONEOS_DEPLOYMENT_TARGET = 16.6;
				LOCALIZATION_PREFERS_STRING_CATALOGS = YES;
				MTL_ENABLE_DEBUG_INFO = NO;
				MTL_FAST_MATH = YES;
				SDKROOT = iphoneos;
				SWIFT_COMPILATION_MODE = wholemodule;
				VALIDATE_PRODUCT = YES;
			};
			name = Release;
		};
		3A894AC62B9B89C900793209 /* Debug */ = {
			isa = XCBuildConfiguration;
			buildSettings = {
				ASSETCATALOG_COMPILER_APPICON_NAME = AppIcon;
				ASSETCATALOG_COMPILER_GLOBAL_ACCENT_COLOR_NAME = AccentColor;
				CODE_SIGN_STYLE = Automatic;
				CURRENT_PROJECT_VERSION = 1;
				DEVELOPMENT_ASSET_PATHS = "\"ColorSpotter/Preview Content\"";
				DEVELOPMENT_TEAM = CWD8J9NCB8;
				ENABLE_PREVIEWS = YES;
				GENERATE_INFOPLIST_FILE = YES;
				INFOPLIST_FILE = ColorSpotter/Info.plist;
				INFOPLIST_KEY_NSCameraUsageDescription = "Usiamo la fotocamera per individuare l'oggetto da cui ricavare il colore";
				INFOPLIST_KEY_UIApplicationSceneManifest_Generation = YES;
				INFOPLIST_KEY_UIApplicationSupportsIndirectInputEvents = YES;
				INFOPLIST_KEY_UISupportedInterfaceOrientations_iPad = "UIInterfaceOrientationPortrait UIInterfaceOrientationPortraitUpsideDown UIInterfaceOrientationLandscapeLeft UIInterfaceOrientationLandscapeRight";
				INFOPLIST_KEY_UISupportedInterfaceOrientations_iPhone = "UIInterfaceOrientationPortrait UIInterfaceOrientationLandscapeLeft UIInterfaceOrientationLandscapeRight";
				IPHONEOS_DEPLOYMENT_TARGET = 16.6;
				LD_RUNPATH_SEARCH_PATHS = (
					"$(inherited)",
					"@executable_path/Frameworks",
				);
				MARKETING_VERSION = 1.0;
				PRODUCT_BUNDLE_IDENTIFIER = mirkoventura.ColorSpotter;
				PRODUCT_NAME = "$(TARGET_NAME)";
				SWIFT_EMIT_LOC_STRINGS = YES;
				SWIFT_VERSION = 5.0;
				TARGETED_DEVICE_FAMILY = "1,2";
			};
			name = Debug;
		};
		3A894AC72B9B89C900793209 /* Release */ = {
			isa = XCBuildConfiguration;
			buildSettings = {
				ASSETCATALOG_COMPILER_APPICON_NAME = AppIcon;
				ASSETCATALOG_COMPILER_GLOBAL_ACCENT_COLOR_NAME = AccentColor;
				CODE_SIGN_STYLE = Automatic;
				CURRENT_PROJECT_VERSION = 1;
				DEVELOPMENT_ASSET_PATHS = "\"ColorSpotter/Preview Content\"";
				DEVELOPMENT_TEAM = CWD8J9NCB8;
				ENABLE_PREVIEWS = YES;
				GENERATE_INFOPLIST_FILE = YES;
				INFOPLIST_FILE = ColorSpotter/Info.plist;
				INFOPLIST_KEY_NSCameraUsageDescription = "Usiamo la fotocamera per individuare l'oggetto da cui ricavare il colore";
				INFOPLIST_KEY_UIApplicationSceneManifest_Generation = YES;
				INFOPLIST_KEY_UIApplicationSupportsIndirectInputEvents = YES;
				INFOPLIST_KEY_UISupportedInterfaceOrientations_iPad = "UIInterfaceOrientationPortrait UIInterfaceOrientationPortraitUpsideDown UIInterfaceOrientationLandscapeLeft UIInterfaceOrientationLandscapeRight";
				INFOPLIST_KEY_UISupportedInterfaceOrientations_iPhone = "UIInterfaceOrientationPortrait UIInterfaceOrientationLandscapeLeft UIInterfaceOrientationLandscapeRight";
				IPHONEOS_DEPLOYMENT_TARGET = 16.6;
				LD_RUNPATH_SEARCH_PATHS = (
					"$(inherited)",
					"@executable_path/Frameworks",
				);
				MARKETING_VERSION = 1.0;
				PRODUCT_BUNDLE_IDENTIFIER = mirkoventura.ColorSpotter;
				PRODUCT_NAME = "$(TARGET_NAME)";
				SWIFT_EMIT_LOC_STRINGS = YES;
				SWIFT_VERSION = 5.0;
				TARGETED_DEVICE_FAMILY = "1,2";
			};
			name = Release;
		};
		3A894AC92B9B89C900793209 /* Debug */ = {
			isa = XCBuildConfiguration;
			buildSettings = {
				ALWAYS_EMBED_SWIFT_STANDARD_LIBRARIES = YES;
				BUNDLE_LOADER = "$(TEST_HOST)";
				CODE_SIGN_STYLE = Automatic;
				CURRENT_PROJECT_VERSION = 1;
				DEVELOPMENT_TEAM = CWD8J9NCB8;
				GENERATE_INFOPLIST_FILE = YES;
				IPHONEOS_DEPLOYMENT_TARGET = 16.6;
				MARKETING_VERSION = 1.0;
				PRODUCT_BUNDLE_IDENTIFIER = mirkoventura.ColorSpotterTests;
				PRODUCT_NAME = "$(TARGET_NAME)";
				SWIFT_EMIT_LOC_STRINGS = NO;
				SWIFT_VERSION = 5.0;
				TARGETED_DEVICE_FAMILY = "1,2";
				TEST_HOST = "$(BUILT_PRODUCTS_DIR)/ColorSpotter.app/$(BUNDLE_EXECUTABLE_FOLDER_PATH)/ColorSpotter";
			};
			name = Debug;
		};
		3A894ACA2B9B89C900793209 /* Release */ = {
			isa = XCBuildConfiguration;
			buildSettings = {
				ALWAYS_EMBED_SWIFT_STANDARD_LIBRARIES = YES;
				BUNDLE_LOADER = "$(TEST_HOST)";
				CODE_SIGN_STYLE = Automatic;
				CURRENT_PROJECT_VERSION = 1;
				DEVELOPMENT_TEAM = CWD8J9NCB8;
				GENERATE_INFOPLIST_FILE = YES;
				IPHONEOS_DEPLOYMENT_TARGET = 16.6;
				MARKETING_VERSION = 1.0;
				PRODUCT_BUNDLE_IDENTIFIER = mirkoventura.ColorSpotterTests;
				PRODUCT_NAME = "$(TARGET_NAME)";
				SWIFT_EMIT_LOC_STRINGS = NO;
				SWIFT_VERSION = 5.0;
				TARGETED_DEVICE_FAMILY = "1,2";
				TEST_HOST = "$(BUILT_PRODUCTS_DIR)/ColorSpotter.app/$(BUNDLE_EXECUTABLE_FOLDER_PATH)/ColorSpotter";
			};
			name = Release;
		};
		3A894ACC2B9B89C900793209 /* Debug */ = {
			isa = XCBuildConfiguration;
			buildSettings = {
				ALWAYS_EMBED_SWIFT_STANDARD_LIBRARIES = YES;
				CODE_SIGN_STYLE = Automatic;
				CURRENT_PROJECT_VERSION = 1;
				DEVELOPMENT_TEAM = CWD8J9NCB8;
				GENERATE_INFOPLIST_FILE = YES;
				MARKETING_VERSION = 1.0;
				PRODUCT_BUNDLE_IDENTIFIER = mirkoventura.ColorSpotterUITests;
				PRODUCT_NAME = "$(TARGET_NAME)";
				SWIFT_EMIT_LOC_STRINGS = NO;
				SWIFT_VERSION = 5.0;
				TARGETED_DEVICE_FAMILY = "1,2";
				TEST_TARGET_NAME = ColorSpotter;
			};
			name = Debug;
		};
		3A894ACD2B9B89C900793209 /* Release */ = {
			isa = XCBuildConfiguration;
			buildSettings = {
				ALWAYS_EMBED_SWIFT_STANDARD_LIBRARIES = YES;
				CODE_SIGN_STYLE = Automatic;
				CURRENT_PROJECT_VERSION = 1;
				DEVELOPMENT_TEAM = CWD8J9NCB8;
				GENERATE_INFOPLIST_FILE = YES;
				MARKETING_VERSION = 1.0;
				PRODUCT_BUNDLE_IDENTIFIER = mirkoventura.ColorSpotterUITests;
				PRODUCT_NAME = "$(TARGET_NAME)";
				SWIFT_EMIT_LOC_STRINGS = NO;
				SWIFT_VERSION = 5.0;
				TARGETED_DEVICE_FAMILY = "1,2";
				TEST_TARGET_NAME = ColorSpotter;
			};
			name = Release;
		};
/* End XCBuildConfiguration section */

/* Begin XCConfigurationList section */
		3A894A9C2B9B89C700793209 /* Build configuration list for PBXProject "ColorSpotter" */ = {
			isa = XCConfigurationList;
			buildConfigurations = (
				3A894AC32B9B89C900793209 /* Debug */,
				3A894AC42B9B89C900793209 /* Release */,
			);
			defaultConfigurationIsVisible = 0;
			defaultConfigurationName = Release;
		};
		3A894AC52B9B89C900793209 /* Build configuration list for PBXNativeTarget "ColorSpotter" */ = {
			isa = XCConfigurationList;
			buildConfigurations = (
				3A894AC62B9B89C900793209 /* Debug */,
				3A894AC72B9B89C900793209 /* Release */,
			);
			defaultConfigurationIsVisible = 0;
			defaultConfigurationName = Release;
		};
		3A894AC82B9B89C900793209 /* Build configuration list for PBXNativeTarget "ColorSpotterTests" */ = {
			isa = XCConfigurationList;
			buildConfigurations = (
				3A894AC92B9B89C900793209 /* Debug */,
				3A894ACA2B9B89C900793209 /* Release */,
			);
			defaultConfigurationIsVisible = 0;
			defaultConfigurationName = Release;
		};
		3A894ACB2B9B89C900793209 /* Build configuration list for PBXNativeTarget "ColorSpotterUITests" */ = {
			isa = XCConfigurationList;
			buildConfigurations = (
				3A894ACC2B9B89C900793209 /* Debug */,
				3A894ACD2B9B89C900793209 /* Release */,
			);
			defaultConfigurationIsVisible = 0;
			defaultConfigurationName = Release;
		};
/* End XCConfigurationList section */
	};
	rootObject = 3A894A992B9B89C700793209 /* Project object */;
}
